
Microsoft Visual Studio Solution File, Format Version 12.00
# Visual Studio Version 16
VisualStudioVersion = 16.0.30523.141
MinimumVisualStudioVersion = 10.0.40219.1
Project("{9A19103F-16F7-4668-BE54-9A1E7A4F7556}") = "01. Encrypt, Sort and Print Array", "01. Encrypt, Sort and Print Array\01. Encrypt, Sort and Print Array.csproj", "{C82737CD-9891-4A73-A023-C5FEA5C06AF3}"
EndProject
Project("{9A19103F-16F7-4668-BE54-9A1E7A4F7556}") = "02. Pascal Triangle", "02. Pascal Triangle\02. Pascal Triangle.csproj", "{75342A05-23FB-4DB6-B81E-7098A38EF71F}"
EndProject
Project("{9A19103F-16F7-4668-BE54-9A1E7A4F7556}") = "03. Recursive Fibonacci", "03. Recursive Fibonacci\03. Recursive Fibonacci.csproj", "{2D16FEEA-92D8-4FF4-B966-A32DDD12973B}"
EndProject
Project("{FAE04EC0-301F-11D3-BF4B-00C04F79EFBC}") = "04. Fold and Sum", "04. Fold and Sum\04. Fold and Sum.csproj", "{3E480E50-282A-4B8C-85D8-F3B9EA13F52E}"
EndProject
Project("{FAE04EC0-301F-11D3-BF4B-00C04F79EFBC}") = "arrayAddSpot", "arrayAddSpot\arrayAddSpot.csproj", "{35D6892D-EB8A-410B-B66C-63FD74EA2A05}"
EndProject
Global
	GlobalSection(SolutionConfigurationPlatforms) = preSolution
		Debug|Any CPU = Debug|Any CPU
		Release|Any CPU = Release|Any CPU
	EndGlobalSection
	GlobalSection(ProjectConfigurationPlatforms) = postSolution
		{C82737CD-9891-4A73-A023-C5FEA5C06AF3}.Debug|Any CPU.ActiveCfg = Debug|Any CPU
		{C82737CD-9891-4A73-A023-C5FEA5C06AF3}.Debug|Any CPU.Build.0 = Debug|Any CPU
		{C82737CD-9891-4A73-A023-C5FEA5C06AF3}.Release|Any CPU.ActiveCfg = Release|Any CPU
		{C82737CD-9891-4A73-A023-C5FEA5C06AF3}.Release|Any CPU.Build.0 = Release|Any CPU
		{75342A05-23FB-4DB6-B81E-7098A38EF71F}.Debug|Any CPU.ActiveCfg = Debug|Any CPU
		{75342A05-23FB-4DB6-B81E-7098A38EF71F}.Debug|Any CPU.Build.0 = Debug|Any CPU
		{75342A05-23FB-4DB6-B81E-7098A38EF71F}.Release|Any CPU.ActiveCfg = Release|Any CPU
		{75342A05-23FB-4DB6-B81E-7098A38EF71F}.Release|Any CPU.Build.0 = Release|Any CPU
		{2D16FEEA-92D8-4FF4-B966-A32DDD12973B}.Debug|Any CPU.ActiveCfg = Debug|Any CPU
		{2D16FEEA-92D8-4FF4-B966-A32DDD12973B}.Debug|Any CPU.Build.0 = Debug|Any CPU
		{2D16FEEA-92D8-4FF4-B966-A32DDD12973B}.Release|Any CPU.ActiveCfg = Release|Any CPU
		{2D16FEEA-92D8-4FF4-B966-A32DDD12973B}.Release|Any CPU.Build.0 = Release|Any CPU
		{3E480E50-282A-4B8C-85D8-F3B9EA13F52E}.Debug|Any CPU.ActiveCfg = Debug|Any CPU
		{3E480E50-282A-4B8C-85D8-F3B9EA13F52E}.Debug|Any CPU.Build.0 = Debug|Any CPU
		{3E480E50-282A-4B8C-85D8-F3B9EA13F52E}.Release|Any CPU.ActiveCfg = Release|Any CPU
		{3E480E50-282A-4B8C-85D8-F3B9EA13F52E}.Release|Any CPU.Build.0 = Release|Any CPU
		{35D6892D-EB8A-410B-B66C-63FD74EA2A05}.Debug|Any CPU.ActiveCfg = Debug|Any CPU
		{35D6892D-EB8A-410B-B66C-63FD74EA2A05}.Debug|Any CPU.Build.0 = Debug|Any CPU
		{35D6892D-EB8A-410B-B66C-63FD74EA2A05}.Release|Any CPU.ActiveCfg = Release|Any CPU
		{35D6892D-EB8A-410B-B66C-63FD74EA2A05}.Release|Any CPU.Build.0 = Release|Any CPU
	EndGlobalSection
	GlobalSection(SolutionProperties) = preSolution
		HideSolutionNode = FALSE
	EndGlobalSection
	GlobalSection(ExtensibilityGlobals) = postSolution
		SolutionGuid = {ADC1349A-CC74-4960-852B-B368A5DC49CB}
	EndGlobalSection
EndGlobal
